
Microsoft Visual Studio Solution File, Format Version 12.00
# Visual Studio Version 17
VisualStudioVersion = 17.10.35827.194
MinimumVisualStudioVersion = 10.0.40219.1
Project("{FAE04EC0-301F-11D3-BF4B-00C04F79EFBC}") = "PhoneServiceSystem", "PhoneServiceSystem\PhoneServiceSystem.csproj", "{05709EBB-58AC-4C7C-9AEA-37B2879B87DB}"
EndProject
Global
	GlobalSection(SolutionConfigurationPlatforms) = preSolution
		Debug|Any CPU = Debug|Any CPU
		Release|Any CPU = Release|Any CPU
	EndGlobalSection
	GlobalSection(ProjectConfigurationPlatforms) = postSolution
		{05709EBB-58AC-4C7C-9AEA-37B2879B87DB}.Debug|Any CPU.ActiveCfg = Debug|Any CPU
		{05709EBB-58AC-4C7C-9AEA-37B2879B87DB}.Debug|Any CPU.Build.0 = Debug|Any CPU
		{05709EBB-58AC-4C7C-9AEA-37B2879B87DB}.Release|Any CPU.ActiveCfg = Release|Any CPU
		{05709EBB-58AC-4C7C-9AEA-37B2879B87DB}.Release|Any CPU.Build.0 = Release|Any CPU
	EndGlobalSection
	GlobalSection(SolutionProperties) = preSolution
		HideSolutionNode = FALSE
	EndGlobalSection
	GlobalSection(ExtensibilityGlobals) = postSolution
		SolutionGuid = {8671FE77-C160-430D-BA64-8826ADD4CDE3}
	EndGlobalSection
EndGlobal
